{
  "requires": true,
  "lockfileVersion": 1,
  "dependencies": {
    "chosen-js": {
      "version": "1.8.5",
      "resolved": "https://registry.npmjs.org/chosen-js/-/chosen-js-1.8.5.tgz",
      "integrity": "sha512-XkFqu0N5O5SbUWh/J4gcB7wOPBLMZbLibWryYmrCRfILUNQEIZwdoN8BZUkUoANmVa9aRs4mTSiDeRy4/eUWqg=="
    }
  }
}
